
Microsoft Visual Studio Solution File, Format Version 12.00
# Visual Studio 2015
Project("{FAE04EC0-301F-11D3-BF4B-00C04F79EFBC}") = "Gacha_Game.CSharp", "Gacha_Game.CSharp.csproj", "{4E52D091-5045-023D-ACA9-0ED9902ABEB9}"
EndProject
Project("{FAE04EC0-301F-11D3-BF4B-00C04F79EFBC}") = "Gacha_Game.CSharp.Editor", "Gacha_Game.CSharp.Editor.csproj", "{13B7C18E-6BCC-96B6-5383-EB76D0DA511C}"
EndProject
Global
	GlobalSection(SolutionConfigurationPlatforms) = preSolution
		Debug|Any CPU = Debug|Any CPU
		Release|Any CPU = Release|Any CPU
	EndGlobalSection
	GlobalSection(ProjectConfigurationPlatforms) = postSolution
		{4E52D091-5045-023D-ACA9-0ED9902ABEB9}.Debug|Any CPU.ActiveCfg = Debug|Any CPU
		{4E52D091-5045-023D-ACA9-0ED9902ABEB9}.Debug|Any CPU.Build.0 = Debug|Any CPU
		{4E52D091-5045-023D-ACA9-0ED9902ABEB9}.Release|Any CPU.ActiveCfg = Release|Any CPU
		{4E52D091-5045-023D-ACA9-0ED9902ABEB9}.Release|Any CPU.Build.0 = Release|Any CPU
		{13B7C18E-6BCC-96B6-5383-EB76D0DA511C}.Debug|Any CPU.ActiveCfg = Debug|Any CPU
		{13B7C18E-6BCC-96B6-5383-EB76D0DA511C}.Debug|Any CPU.Build.0 = Debug|Any CPU
		{13B7C18E-6BCC-96B6-5383-EB76D0DA511C}.Release|Any CPU.ActiveCfg = Release|Any CPU
		{13B7C18E-6BCC-96B6-5383-EB76D0DA511C}.Release|Any CPU.Build.0 = Release|Any CPU
	EndGlobalSection
	GlobalSection(SolutionProperties) = preSolution
		HideSolutionNode = FALSE
	EndGlobalSection
EndGlobal
